{
  "name": "intro",
  "version": "0.0.0",
  "lockfileVersion": 3,
  "requires": true,
  "packages": {
    "": {
      "name": "intro",
      "version": "0.0.0",
      "dependencies": {
        "@jr2/machines": "0.3.0",
        "@jr2/orchestrator": "0.3.0",
        "xstate": "^5.18.0"
      },
      "devDependencies": {
        "@jr2/cli": "0.3.0",
        "@types/node": "^26.0.1",
        "typescript": "^5.6.0"
      }
    },
    "node_modules/@hono/node-server": {
      "version": "2.1.1",
      "resolved": "https://registry.npmjs.org/@hono/node-server/-/node-server-2.1.1.tgz",
      "integrity": "sha512-ELuehkj5VCBdgEw9zs+ivkKwyzzUCSQuE96YmiPvn1ECBoZCczbFXJLeEGMTYjphP6gydh4pHMqEYPVMYUVgQg==",
      "license": "MIT",
      "engines": {
        "node": ">=20"
      },
      "peerDependencies": {
        "hono": "^4"
      }
    },
    "node_modules/@jr2/agent-protocol": {
      "version": "0.3.0",
      "resolved": "https://registry.npmjs.org/@jr2/agent-protocol/-/agent-protocol-0.3.0.tgz",
      "integrity": "sha512-u4oncZqDxjc6onIMjEI5Hnmy8Xe1tCiCpdJVasaCEzhDHqYTMQpl8yWklgNJ5QJYx07aClKb69PpWHV8SQNZ5g==",
      "license": "MIT",
      "dependencies": {
        "zod": "^4.4.3"
      },
      "engines": {
        "node": ">=24"
      }
    },
    "node_modules/@jr2/cli": {
      "version": "0.3.0",
      "resolved": "https://registry.npmjs.org/@jr2/cli/-/cli-0.3.0.tgz",
      "integrity": "sha512-LMYgAIt1AThXGd90s7Zi7+1YKiEaYM9VI+69ni2t6QHreN85Wy5zfq7a18BW/Xm51Y5RHLyPmYv69ifH4NIsFQ==",
      "dev": true,
      "license": "MIT",
      "dependencies": {
        "ts-blank-space": "^0.9.0"
      },
      "bin": {
        "jr2": "bin/jr2.js"
      },
      "engines": {
        "node": ">=24"
      },
      "peerDependencies": {
        "@jr2/orchestrator": "0.3.0"
      }
    },
    "node_modules/@jr2/machines": {
      "version": "0.3.0",
      "resolved": "https://registry.npmjs.org/@jr2/machines/-/machines-0.3.0.tgz",
      "integrity": "sha512-PEjzc5pyrB/GAbTQwSPTHzqCdr8It4SGJpDeiGnPdK8ug3SM0NaeG52HsCYnOqaK+2iE/3g0/0a+bmtQcsCF/g==",
      "license": "MIT",
      "engines": {
        "node": ">=24"
      },
      "peerDependencies": {
        "@jr2/orchestrator": "0.3.0",
        "xstate": "^5.18.0",
        "zod": "^4.4.3"
      }
    },
    "node_modules/@jr2/orchestrator": {
      "version": "0.3.0",
      "resolved": "https://registry.npmjs.org/@jr2/orchestrator/-/orchestrator-0.3.0.tgz",
      "integrity": "sha512-X1RUYMXkfSZvkBAOAxGkRboMaVvGRltFahD8gq6OK7tmnjsA2LwvFDNAGElJPA7+9Z9IgUdDLXtKzivc7yKILA==",
      "license": "MIT",
      "dependencies": {
        "@hono/node-server": "^2.0.6",
        "@jr2/agent-protocol": "0.3.0",
        "elkjs": "^0.11.1",
        "hono": "^4.12.27",
        "preact": "^10.29.8",
        "ts-blank-space": "^0.9.0",
        "xstate": "^5.18.0",
        "zod": "^4.4.3"
      },
      "engines": {
        "node": ">=24"
      }
    },
    "node_modules/@types/node": {
      "version": "26.6.2",
      "resolved": "https://registry.npmjs.org/@types/node/-/node-26.6.2.tgz",
      "integrity": "sha512-X1P21scMv4zGKLYqjdGjaKa7COa0RKVYYZZN/NfvLQ1JegxFhdhpZG/Lyn8AXx6CDUavKAd11v6BvfpkDByK8g==",
      "dev": true,
      "license": "MIT",
      "dependencies": {
        "undici-types": "~8.9.0"
      }
    },
    "node_modules/elkjs": {
      "version": "0.11.1",
      "resolved": "https://registry.npmjs.org/elkjs/-/elkjs-0.11.1.tgz",
      "integrity": "sha512-zxxR9k+rx5ktMwT/FwyLdPCrq7xN6e4VGGHH8hA01vVYKjTFik7nHOxBnAYtrgYUB1RpAiLvA1/U2YraWxyKKg==",
      "license": "EPL-2.0"
    },
    "node_modules/hono": {
      "version": "4.13.9",
      "resolved": "https://registry.npmjs.org/hono/-/hono-4.13.9.tgz",
      "integrity": "sha512-7dMkQmZoC4E6F7AtaQSPhlWAdnBti+j7rreMZl8QB4jFiEhP9TWbGWUMi8WYzBCgmgulxuvLQupKqo+Co6Omyg==",
      "license": "MIT",
      "engines": {
        "node": ">=16.9.0"
      }
    },
    "node_modules/preact": {
      "version": "10.29.8",
      "resolved": "https://registry.npmjs.org/preact/-/preact-10.29.8.tgz",
      "integrity": "sha512-ej2aVZ+vZ8WO7tvlQWRM9N63A0KzF9q4mWJfDUHgYaIofWY9hu74QdnQrjoPMmZi2/nZ5gN0bJCQF49xQqx09Q==",
      "license": "MIT",
      "funding": {
        "type": "opencollective",
        "url": "https://opencollective.com/preact"
      },
      "peerDependencies": {
        "preact-render-to-string": ">=5"
      },
      "peerDependenciesMeta": {
        "preact-render-to-string": {
          "optional": true
        }
      }
    },
    "node_modules/ts-blank-space": {
      "version": "0.9.0",
      "resolved": "https://registry.npmjs.org/ts-blank-space/-/ts-blank-space-0.9.0.tgz",
      "integrity": "sha512-TU6coIZm6RxGgAjroRKmi6aCQ7Pq7cT+1I+bTKBepD6joOuWqUCOptVlz+eurqTnatnQOimlR8XB5sQZ6ULwbw==",
      "license": "Apache-2.0",
      "dependencies": {
        "typescript": "5.1.6 - 6.0.x"
      },
      "engines": {
        "node": ">=18.0.0"
      }
    },
    "node_modules/typescript": {
      "version": "5.9.3",
      "resolved": "https://registry.npmjs.org/typescript/-/typescript-5.9.3.tgz",
      "integrity": "sha512-jl1vZzPDinLr9eUt3J/t7V6FgNEw9QjvBPdysz9KfQDD41fQrC2Y4vKQdiaUpFT4bXlb1RHhLpp8wtm6M5TgSw==",
      "license": "Apache-2.0",
      "bin": {
        "tsc": "bin/tsc",
        "tsserver": "bin/tsserver"
      },
      "engines": {
        "node": ">=14.17"
      }
    },
    "node_modules/undici-types": {
      "version": "8.9.0",
      "resolved": "https://registry.npmjs.org/undici-types/-/undici-types-8.9.0.tgz",
      "integrity": "sha512-KTDyRTYX8sWmKXAikPHHSyc63CRPETMctyjKFupcC6OBLXT3xsN0e9aF7m+mIXutFWpUXuedtowG7iLOzp0kQg==",
      "dev": true,
      "license": "MIT"
    },
    "node_modules/xstate": {
      "version": "5.33.2",
      "resolved": "https://registry.npmjs.org/xstate/-/xstate-5.33.2.tgz",
      "integrity": "sha512-8tC7yXgeCvpT8gKEeEje6ikJJG1wpnoLiXe+HfECW8m10ubMd3QxKOwWA8KxPJVBcLwfdRoMKYxIBGYKmo37/A==",
      "license": "MIT",
      "funding": {
        "type": "opencollective",
        "url": "https://opencollective.com/xstate"
      }
    },
    "node_modules/zod": {
      "version": "4.6.5",
      "resolved": "https://registry.npmjs.org/zod/-/zod-4.6.5.tgz",
      "integrity": "sha512-v5l/aFXZQeai4awLbOpSoHecE9UiMrnfx75tEXLjNonXVARxQ5mOeipTjROUchszUNCqnE+hqAMujRsRHsut2Q==",
      "license": "MIT",
      "funding": {
        "url": "https://github.com/sponsors/colinhacks"
      }
    }
  }
}
