{
  "name": "intro-slides",
  "version": "0.0.0",
  "lockfileVersion": 3,
  "requires": true,
  "packages": {
    "": {
      "name": "intro-slides",
      "version": "0.0.0",
      "dependencies": {
        "@fontsource/fragment-mono": "^5.3.0",
        "@fontsource/instrument-serif": "^5.3.0",
        "reveal.js": "^5.1.0"
      }
    },
    "node_modules/@fontsource/fragment-mono": {
      "version": "5.3.0",
      "resolved": "https://registry.npmjs.org/@fontsource/fragment-mono/-/fragment-mono-5.3.0.tgz",
      "integrity": "sha512-vpOLZhWq7Z6wUPo1qMl16Y4yjQJiN0d9TXX2oUtiYXmqUrXU23Wuto73Knyak+osdlIuHz46srpBZb2pfhHCIA==",
      "license": "OFL-1.1",
      "funding": {
        "url": "https://github.com/sponsors/ayuhito"
      }
    },
    "node_modules/@fontsource/instrument-serif": {
      "version": "5.3.0",
      "resolved": "https://registry.npmjs.org/@fontsource/instrument-serif/-/instrument-serif-5.3.0.tgz",
      "integrity": "sha512-mDiaIg0u67sYV59fie92Wz4sM8UiVlbL7fLxnFPCKkX15DMASEnQTREbaP5S5/3DCcsoAOcQ0sV9E4AeY4QqYQ==",
      "license": "OFL-1.1",
      "funding": {
        "url": "https://github.com/sponsors/ayuhito"
      }
    },
    "node_modules/reveal.js": {
      "version": "5.2.1",
      "resolved": "https://registry.npmjs.org/reveal.js/-/reveal.js-5.2.1.tgz",
      "integrity": "sha512-r7//6mIM5p34hFiDMvYfXgyjXqGRta+/psd9YtytsgRlrpRzFv4RbH76TXd2qD+7ZPZEbpBDhdRhJaFgfQ7zNQ==",
      "license": "MIT",
      "engines": {
        "node": ">=18.0.0"
      }
    }
  }
}
